// !$*UTF8*$!
{
	archiveVersion = 1;
	classes = {
	};
	objectVersion = 46;
	objects = {

/* Begin PBXBuildFile section */
		C44CA50C1D54FC6E00C97024 /* AppDelegate.swift in Sources */ = {isa = PBXBuildFile; fileRef = C44CA50B1D54FC6E00C97024 /* AppDelegate.swift */; };
		C44CA50E1D54FC6E00C97024 /* QuoteViewController.swift in Sources */ = {isa = PBXBuildFile; fileRef = C44CA50D1D54FC6E00C97024 /* QuoteViewController.swift */; };
		C44CA5161D54FC6E00C97024 /* LaunchScreen.storyboard in Resources */ = {isa = PBXBuildFile; fileRef = C44CA5141D54FC6E00C97024 /* LaunchScreen.storyboard */; };
		C45C904C1D58BD2B0064FC3D /* LoginViewController.swift in Sources */ = {isa = PBXBuildFile; fileRef = C45C904B1D58BD2B0064FC3D /* LoginViewController.swift */; };
		C45C904E1D58BDAF0064FC3D /* LoginManager.swift in Sources */ = {isa = PBXBuildFile; fileRef = C45C904D1D58BDAF0064FC3D /* LoginManager.swift */; };
		C45C90511D5908470064FC3D /* UIFont+Extension.swift in Sources */ = {isa = PBXBuildFile; fileRef = C45C90501D5908470064FC3D /* UIFont+Extension.swift */; };
		C45C90531D59D3B10064FC3D /* AddQuoteViewController.swift in Sources */ = {isa = PBXBuildFile; fileRef = C45C90521D59D3B10064FC3D /* AddQuoteViewController.swift */; };
		C45C90551D59D5300064FC3D /* UITextView+Extension.swift in Sources */ = {isa = PBXBuildFile; fileRef = C45C90541D59D5300064FC3D /* UITextView+Extension.swift */; };
		C45C90571D5C4BD70064FC3D /* UIView+Extension.swift in Sources */ = {isa = PBXBuildFile; fileRef = C45C90561D5C4BD70064FC3D /* UIView+Extension.swift */; };
		C45C90591D5C52EC0064FC3D /* UIColor+Extension.swift in Sources */ = {isa = PBXBuildFile; fileRef = C45C90581D5C52EC0064FC3D /* UIColor+Extension.swift */; };
		C45C905E1D5C538E0064FC3D /* LoginFieldContainer.swift in Sources */ = {isa = PBXBuildFile; fileRef = C45C905D1D5C538E0064FC3D /* LoginFieldContainer.swift */; };
		C45C90601D5C54130064FC3D /* UIImage+Extension.swift in Sources */ = {isa = PBXBuildFile; fileRef = C45C905F1D5C54130064FC3D /* UIImage+Extension.swift */; };
		C4731CA71D58BBD80095D706 /* Assets.xcassets in Resources */ = {isa = PBXBuildFile; fileRef = C4731CA61D58BBD80095D706 /* Assets.xcassets */; };
		C476D6071D5647C4002269BA /* Cite.xcdatamodeld in Sources */ = {isa = PBXBuildFile; fileRef = C476D6051D5647C4002269BA /* Cite.xcdatamodeld */; };
		C476D6101D564921002269BA /* RemoteEntity+CoreDataProperties.swift in Sources */ = {isa = PBXBuildFile; fileRef = C476D6081D564921002269BA /* RemoteEntity+CoreDataProperties.swift */; };
		C476D6111D564921002269BA /* RemoteEntity.swift in Sources */ = {isa = PBXBuildFile; fileRef = C476D6091D564921002269BA /* RemoteEntity.swift */; };
		C476D6121D564921002269BA /* User+CoreDataProperties.swift in Sources */ = {isa = PBXBuildFile; fileRef = C476D60A1D564921002269BA /* User+CoreDataProperties.swift */; };
		C476D6131D564921002269BA /* User.swift in Sources */ = {isa = PBXBuildFile; fileRef = C476D60B1D564921002269BA /* User.swift */; };
		C476D6141D564921002269BA /* Quote+CoreDataProperties.swift in Sources */ = {isa = PBXBuildFile; fileRef = C476D60C1D564921002269BA /* Quote+CoreDataProperties.swift */; };
		C476D6151D564921002269BA /* Quote.swift in Sources */ = {isa = PBXBuildFile; fileRef = C476D60D1D564921002269BA /* Quote.swift */; };
		C476D6161D564921002269BA /* HashTag+CoreDataProperties.swift in Sources */ = {isa = PBXBuildFile; fileRef = C476D60E1D564921002269BA /* HashTag+CoreDataProperties.swift */; };
		C476D6171D564921002269BA /* HashTag.swift in Sources */ = {isa = PBXBuildFile; fileRef = C476D60F1D564921002269BA /* HashTag.swift */; };
		C476D6231D57415E002269BA /* FetchedResultBaseController.swift in Sources */ = {isa = PBXBuildFile; fileRef = C476D6221D57415E002269BA /* FetchedResultBaseController.swift */; };
		C476D6271D574207002269BA /* QuoteCell.swift in Sources */ = {isa = PBXBuildFile; fileRef = C476D6261D574207002269BA /* QuoteCell.swift */; };
		C9E99169F3B2E79E21A5BFD7 /* Pods_Cite.framework in Frameworks */ = {isa = PBXBuildFile; fileRef = F96E4C1710896DEE45C5513D /* Pods_Cite.framework */; };
/* End PBXBuildFile section */

/* Begin PBXFileReference section */
		2F3E6647868951660C104E18 /* Pods-Cite.release.xcconfig */ = {isa = PBXFileReference; includeInIndex = 1; lastKnownFileType = text.xcconfig; name = "Pods-Cite.release.xcconfig"; path = "Pods/Target Support Files/Pods-Cite/Pods-Cite.release.xcconfig"; sourceTree = "<group>"; };
		C44CA5081D54FC6E00C97024 /* Cite.app */ = {isa = PBXFileReference; explicitFileType = wrapper.application; includeInIndex = 0; path = Cite.app; sourceTree = BUILT_PRODUCTS_DIR; };
		C44CA50B1D54FC6E00C97024 /* AppDelegate.swift */ = {isa = PBXFileReference; lastKnownFileType = sourcecode.swift; path = AppDelegate.swift; sourceTree = "<group>"; };
		C44CA50D1D54FC6E00C97024 /* QuoteViewController.swift */ = {isa = PBXFileReference; lastKnownFileType = sourcecode.swift; path = QuoteViewController.swift; sourceTree = "<group>"; };
		C44CA5151D54FC6E00C97024 /* Base */ = {isa = PBXFileReference; lastKnownFileType = file.storyboard; name = Base; path = Base.lproj/LaunchScreen.storyboard; sourceTree = "<group>"; };
		C44CA5171D54FC6E00C97024 /* Info.plist */ = {isa = PBXFileReference; lastKnownFileType = text.plist.xml; path = Info.plist; sourceTree = "<group>"; };
		C45C904B1D58BD2B0064FC3D /* LoginViewController.swift */ = {isa = PBXFileReference; fileEncoding = 4; lastKnownFileType = sourcecode.swift; path = LoginViewController.swift; sourceTree = "<group>"; };
		C45C904D1D58BDAF0064FC3D /* LoginManager.swift */ = {isa = PBXFileReference; fileEncoding = 4; lastKnownFileType = sourcecode.swift; path = LoginManager.swift; sourceTree = "<group>"; };
		C45C90501D5908470064FC3D /* UIFont+Extension.swift */ = {isa = PBXFileReference; fileEncoding = 4; lastKnownFileType = sourcecode.swift; path = "UIFont+Extension.swift"; sourceTree = "<group>"; };
		C45C90521D59D3B10064FC3D /* AddQuoteViewController.swift */ = {isa = PBXFileReference; fileEncoding = 4; lastKnownFileType = sourcecode.swift; path = AddQuoteViewController.swift; sourceTree = "<group>"; };
		C45C90541D59D5300064FC3D /* UITextView+Extension.swift */ = {isa = PBXFileReference; fileEncoding = 4; lastKnownFileType = sourcecode.swift; path = "UITextView+Extension.swift"; sourceTree = "<group>"; };
		C45C90561D5C4BD70064FC3D /* UIView+Extension.swift */ = {isa = PBXFileReference; fileEncoding = 4; lastKnownFileType = sourcecode.swift; path = "UIView+Extension.swift"; sourceTree = "<group>"; };
		C45C90581D5C52EC0064FC3D /* UIColor+Extension.swift */ = {isa = PBXFileReference; fileEncoding = 4; lastKnownFileType = sourcecode.swift; path = "UIColor+Extension.swift"; sourceTree = "<group>"; };
		C45C905D1D5C538E0064FC3D /* LoginFieldContainer.swift */ = {isa = PBXFileReference; fileEncoding = 4; lastKnownFileType = sourcecode.swift; path = LoginFieldContainer.swift; sourceTree = "<group>"; };
		C45C905F1D5C54130064FC3D /* UIImage+Extension.swift */ = {isa = PBXFileReference; fileEncoding = 4; lastKnownFileType = sourcecode.swift; path = "UIImage+Extension.swift"; sourceTree = "<group>"; };
		C4607EE51D54FE4300E26C0F /* Cite-Bridging-Header.h */ = {isa = PBXFileReference; lastKnownFileType = sourcecode.c.h; path = "Cite-Bridging-Header.h"; sourceTree = "<group>"; };
		C4731CA61D58BBD80095D706 /* Assets.xcassets */ = {isa = PBXFileReference; lastKnownFileType = folder.assetcatalog; path = Assets.xcassets; sourceTree = "<group>"; };
		C476D6061D5647C4002269BA /* Cite.xcdatamodel */ = {isa = PBXFileReference; lastKnownFileType = wrapper.xcdatamodel; path = Cite.xcdatamodel; sourceTree = "<group>"; };
		C476D6081D564921002269BA /* RemoteEntity+CoreDataProperties.swift */ = {isa = PBXFileReference; fileEncoding = 4; lastKnownFileType = sourcecode.swift; path = "RemoteEntity+CoreDataProperties.swift"; sourceTree = "<group>"; };
		C476D6091D564921002269BA /* RemoteEntity.swift */ = {isa = PBXFileReference; fileEncoding = 4; lastKnownFileType = sourcecode.swift; path = RemoteEntity.swift; sourceTree = "<group>"; };
		C476D60A1D564921002269BA /* User+CoreDataProperties.swift */ = {isa = PBXFileReference; fileEncoding = 4; lastKnownFileType = sourcecode.swift; path = "User+CoreDataProperties.swift"; sourceTree = "<group>"; };
		C476D60B1D564921002269BA /* User.swift */ = {isa = PBXFileReference; fileEncoding = 4; lastKnownFileType = sourcecode.swift; path = User.swift; sourceTree = "<group>"; };
		C476D60C1D564921002269BA /* Quote+CoreDataProperties.swift */ = {isa = PBXFileReference; fileEncoding = 4; lastKnownFileType = sourcecode.swift; path = "Quote+CoreDataProperties.swift"; sourceTree = "<group>"; };
		C476D60D1D564921002269BA /* Quote.swift */ = {isa = PBXFileReference; fileEncoding = 4; lastKnownFileType = sourcecode.swift; path = Quote.swift; sourceTree = "<group>"; };
		C476D60E1D564921002269BA /* HashTag+CoreDataProperties.swift */ = {isa = PBXFileReference; fileEncoding = 4; lastKnownFileType = sourcecode.swift; path = "HashTag+CoreDataProperties.swift"; sourceTree = "<group>"; };
		C476D60F1D564921002269BA /* HashTag.swift */ = {isa = PBXFileReference; fileEncoding = 4; lastKnownFileType = sourcecode.swift; path = HashTag.swift; sourceTree = "<group>"; };
		C476D6221D57415E002269BA /* FetchedResultBaseController.swift */ = {isa = PBXFileReference; fileEncoding = 4; lastKnownFileType = sourcecode.swift; path = FetchedResultBaseController.swift; sourceTree = "<group>"; };
		C476D6261D574207002269BA /* QuoteCell.swift */ = {isa = PBXFileReference; fileEncoding = 4; lastKnownFileType = sourcecode.swift; path = QuoteCell.swift; sourceTree = "<group>"; };
		CD0DFA7EC5FD3BAE3DAB1C17 /* Pods-Cite.debug.xcconfig */ = {isa = PBXFileReference; includeInIndex = 1; lastKnownFileType = text.xcconfig; name = "Pods-Cite.debug.xcconfig"; path = "Pods/Target Support Files/Pods-Cite/Pods-Cite.debug.xcconfig"; sourceTree = "<group>"; };
		F96E4C1710896DEE45C5513D /* Pods_Cite.framework */ = {isa = PBXFileReference; explicitFileType = wrapper.framework; includeInIndex = 0; path = Pods_Cite.framework; sourceTree = BUILT_PRODUCTS_DIR; };
/* End PBXFileReference section */

/* Begin PBXFrameworksBuildPhase section */
		C44CA5051D54FC6E00C97024 /* Frameworks */ = {
			isa = PBXFrameworksBuildPhase;
			buildActionMask = 2147483647;
			files = (
				C9E99169F3B2E79E21A5BFD7 /* Pods_Cite.framework in Frameworks */,
			);
			runOnlyForDeploymentPostprocessing = 0;
		};
/* End PBXFrameworksBuildPhase section */

/* Begin PBXGroup section */
		1775C246D1590DEE9A3FA6C5 /* Frameworks */ = {
			isa = PBXGroup;
			children = (
				F96E4C1710896DEE45C5513D /* Pods_Cite.framework */,
			);
			name = Frameworks;
			sourceTree = "<group>";
		};
		928FEDFB3A5E381B515B8586 /* Pods */ = {
			isa = PBXGroup;
			children = (
				CD0DFA7EC5FD3BAE3DAB1C17 /* Pods-Cite.debug.xcconfig */,
				2F3E6647868951660C104E18 /* Pods-Cite.release.xcconfig */,
			);
			name = Pods;
			sourceTree = "<group>";
		};
		C44CA4FF1D54FC6E00C97024 = {
			isa = PBXGroup;
			children = (
				C44CA50A1D54FC6E00C97024 /* Cite */,
				C44CA5091D54FC6E00C97024 /* Products */,
				928FEDFB3A5E381B515B8586 /* Pods */,
				1775C246D1590DEE9A3FA6C5 /* Frameworks */,
			);
			sourceTree = "<group>";
		};
		C44CA5091D54FC6E00C97024 /* Products */ = {
			isa = PBXGroup;
			children = (
				C44CA5081D54FC6E00C97024 /* Cite.app */,
			);
			name = Products;
			sourceTree = "<group>";
		};
		C44CA50A1D54FC6E00C97024 /* Cite */ = {
			isa = PBXGroup;
			children = (
				C45C904F1D5908330064FC3D /* Extensions */,
				C476D6201D574149002269BA /* Controllers */,
				C476D6041D5647AC002269BA /* CoreData */,
				C44CA50B1D54FC6E00C97024 /* AppDelegate.swift */,
				C44CA5141D54FC6E00C97024 /* LaunchScreen.storyboard */,
				C4731CA61D58BBD80095D706 /* Assets.xcassets */,
				C44CA5171D54FC6E00C97024 /* Info.plist */,
				C4607EE51D54FE4300E26C0F /* Cite-Bridging-Header.h */,
			);
			path = Cite;
			sourceTree = "<group>";
		};
		C45C904A1D58BD1D0064FC3D /* Login */ = {
			isa = PBXGroup;
			children = (
				C45C905C1D5C537D0064FC3D /* Model */,
				C45C905B1D5C53760064FC3D /* View */,
				C45C904B1D58BD2B0064FC3D /* LoginViewController.swift */,
			);
			name = Login;
			sourceTree = "<group>";
		};
		C45C904F1D5908330064FC3D /* Extensions */ = {
			isa = PBXGroup;
			children = (
				C45C90501D5908470064FC3D /* UIFont+Extension.swift */,
				C45C90541D59D5300064FC3D /* UITextView+Extension.swift */,
				C45C90561D5C4BD70064FC3D /* UIView+Extension.swift */,
				C45C90581D5C52EC0064FC3D /* UIColor+Extension.swift */,
				C45C905F1D5C54130064FC3D /* UIImage+Extension.swift */,
			);
			name = Extensions;
			sourceTree = "<group>";
		};
		C45C905B1D5C53760064FC3D /* View */ = {
			isa = PBXGroup;
			children = (
				C45C905D1D5C538E0064FC3D /* LoginFieldContainer.swift */,
			);
			name = View;
			sourceTree = "<group>";
		};
		C45C905C1D5C537D0064FC3D /* Model */ = {
			isa = PBXGroup;
			children = (
				C45C904D1D58BDAF0064FC3D /* LoginManager.swift */,
			);
			name = Model;
			sourceTree = "<group>";
		};
		C476D6041D5647AC002269BA /* CoreData */ = {
			isa = PBXGroup;
			children = (
				C476D6081D564921002269BA /* RemoteEntity+CoreDataProperties.swift */,
				C476D6091D564921002269BA /* RemoteEntity.swift */,
				C476D60A1D564921002269BA /* User+CoreDataProperties.swift */,
				C476D60B1D564921002269BA /* User.swift */,
				C476D60C1D564921002269BA /* Quote+CoreDataProperties.swift */,
				C476D60D1D564921002269BA /* Quote.swift */,
				C476D60E1D564921002269BA /* HashTag+CoreDataProperties.swift */,
				C476D60F1D564921002269BA /* HashTag.swift */,
				C476D6051D5647C4002269BA /* Cite.xcdatamodeld */,
			);
			name = CoreData;
			sourceTree = "<group>";
		};
		C476D6201D574149002269BA /* Controllers */ = {
			isa = PBXGroup;
			children = (
				C476D6211D57414E002269BA /* Base */,
				C45C904A1D58BD1D0064FC3D /* Login */,
				C476D6241D5741EA002269BA /* Quote */,
			);
			name = Controllers;
			sourceTree = "<group>";
		};
		C476D6211D57414E002269BA /* Base */ = {
			isa = PBXGroup;
			children = (
				C476D6221D57415E002269BA /* FetchedResultBaseController.swift */,
			);
			name = Base;
			sourceTree = "<group>";
		};
		C476D6241D5741EA002269BA /* Quote */ = {
			isa = PBXGroup;
			children = (
				C476D6251D5741FA002269BA /* Cells */,
				C44CA50D1D54FC6E00C97024 /* QuoteViewController.swift */,
				C45C90521D59D3B10064FC3D /* AddQuoteViewController.swift */,
			);
			name = Quote;
			sourceTree = "<group>";
		};
		C476D6251D5741FA002269BA /* Cells */ = {
			isa = PBXGroup;
			children = (
				C476D6261D574207002269BA /* QuoteCell.swift */,
			);
			name = Cells;
			sourceTree = "<group>";
		};
/* End PBXGroup section */

/* Begin PBXNativeTarget section */
		C44CA5071D54FC6E00C97024 /* Cite */ = {
			isa = PBXNativeTarget;
			buildConfigurationList = C44CA51A1D54FC6E00C97024 /* Build configuration list for PBXNativeTarget "Cite" */;
			buildPhases = (
				C21B3AB8DEE318EB39354A62 /* [CP] Check Pods Manifest.lock */,
				C44CA5041D54FC6E00C97024 /* Sources */,
				C44CA5051D54FC6E00C97024 /* Frameworks */,
				C44CA5061D54FC6E00C97024 /* Resources */,
				A08BDC9897237001A124C005 /* [CP] Embed Pods Frameworks */,
				945C4122F9236658ED0530FE /* [CP] Copy Pods Resources */,
			);
			buildRules = (
			);
			dependencies = (
			);
			name = Cite;
			productName = Cite;
			productReference = C44CA5081D54FC6E00C97024 /* Cite.app */;
			productType = "com.apple.product-type.application";
		};
/* End PBXNativeTarget section */

/* Begin PBXProject section */
		C44CA5001D54FC6E00C97024 /* Project object */ = {
			isa = PBXProject;
			attributes = {
				LastSwiftUpdateCheck = 0730;
				LastUpgradeCheck = 0730;
				TargetAttributes = {
					C44CA5071D54FC6E00C97024 = {
						CreatedOnToolsVersion = 7.3.1;
					};
				};
			};
			buildConfigurationList = C44CA5031D54FC6E00C97024 /* Build configuration list for PBXProject "Cite" */;
			compatibilityVersion = "Xcode 3.2";
			developmentRegion = English;
			hasScannedForEncodings = 0;
			knownRegions = (
				en,
				Base,
			);
			mainGroup = C44CA4FF1D54FC6E00C97024;
			productRefGroup = C44CA5091D54FC6E00C97024 /* Products */;
			projectDirPath = "";
			projectRoot = "";
			targets = (
				C44CA5071D54FC6E00C97024 /* Cite */,
			);
		};
/* End PBXProject section */

/* Begin PBXResourcesBuildPhase section */
		C44CA5061D54FC6E00C97024 /* Resources */ = {
			isa = PBXResourcesBuildPhase;
			buildActionMask = 2147483647;
			files = (
				C4731CA71D58BBD80095D706 /* Assets.xcassets in Resources */,
				C44CA5161D54FC6E00C97024 /* LaunchScreen.storyboard in Resources */,
			);
			runOnlyForDeploymentPostprocessing = 0;
		};
/* End PBXResourcesBuildPhase section */

/* Begin PBXShellScriptBuildPhase section */
		945C4122F9236658ED0530FE /* [CP] Copy Pods Resources */ = {
			isa = PBXShellScriptBuildPhase;
			buildActionMask = 2147483647;
			files = (
			);
			inputPaths = (
			);
			name = "[CP] Copy Pods Resources";
			outputPaths = (
			);
			runOnlyForDeploymentPostprocessing = 0;
			shellPath = /bin/sh;
			shellScript = "\"${SRCROOT}/Pods/Target Support Files/Pods-Cite/Pods-Cite-resources.sh\"\n";
			showEnvVarsInLog = 0;
		};
		A08BDC9897237001A124C005 /* [CP] Embed Pods Frameworks */ = {
			isa = PBXShellScriptBuildPhase;
			buildActionMask = 2147483647;
			files = (
			);
			inputPaths = (
			);
			name = "[CP] Embed Pods Frameworks";
			outputPaths = (
			);
			runOnlyForDeploymentPostprocessing = 0;
			shellPath = /bin/sh;
			shellScript = "\"${SRCROOT}/Pods/Target Support Files/Pods-Cite/Pods-Cite-frameworks.sh\"\n";
			showEnvVarsInLog = 0;
		};
		C21B3AB8DEE318EB39354A62 /* [CP] Check Pods Manifest.lock */ = {
			isa = PBXShellScriptBuildPhase;
			buildActionMask = 2147483647;
			files = (
			);
			inputPaths = (
			);
			name = "[CP] Check Pods Manifest.lock";
			outputPaths = (
			);
			runOnlyForDeploymentPostprocessing = 0;
			shellPath = /bin/sh;
			shellScript = "diff \"${PODS_ROOT}/../Podfile.lock\" \"${PODS_ROOT}/Manifest.lock\" > /dev/null\nif [[ $? != 0 ]] ; then\n    cat << EOM\nerror: The sandbox is not in sync with the Podfile.lock. Run 'pod install' or update your CocoaPods installation.\nEOM\n    exit 1\nfi\n";
			showEnvVarsInLog = 0;
		};
/* End PBXShellScriptBuildPhase section */

/* Begin PBXSourcesBuildPhase section */
		C44CA5041D54FC6E00C97024 /* Sources */ = {
			isa = PBXSourcesBuildPhase;
			buildActionMask = 2147483647;
			files = (
				C45C904C1D58BD2B0064FC3D /* LoginViewController.swift in Sources */,
				C476D6101D564921002269BA /* RemoteEntity+CoreDataProperties.swift in Sources */,
				C44CA50E1D54FC6E00C97024 /* QuoteViewController.swift in Sources */,
				C476D6141D564921002269BA /* Quote+CoreDataProperties.swift in Sources */,
				C476D6271D574207002269BA /* QuoteCell.swift in Sources */,
				C45C90551D59D5300064FC3D /* UITextView+Extension.swift in Sources */,
				C45C904E1D58BDAF0064FC3D /* LoginManager.swift in Sources */,
				C476D6121D564921002269BA /* User+CoreDataProperties.swift in Sources */,
				C476D6151D564921002269BA /* Quote.swift in Sources */,
				C45C90601D5C54130064FC3D /* UIImage+Extension.swift in Sources */,
				C44CA50C1D54FC6E00C97024 /* AppDelegate.swift in Sources */,
				C45C905E1D5C538E0064FC3D /* LoginFieldContainer.swift in Sources */,
				C476D6161D564921002269BA /* HashTag+CoreDataProperties.swift in Sources */,
				C476D6111D564921002269BA /* RemoteEntity.swift in Sources */,
				C45C90571D5C4BD70064FC3D /* UIView+Extension.swift in Sources */,
				C476D6071D5647C4002269BA /* Cite.xcdatamodeld in Sources */,
				C476D6171D564921002269BA /* HashTag.swift in Sources */,
				C476D6131D564921002269BA /* User.swift in Sources */,
				C45C90531D59D3B10064FC3D /* AddQuoteViewController.swift in Sources */,
				C45C90511D5908470064FC3D /* UIFont+Extension.swift in Sources */,
				C476D6231D57415E002269BA /* FetchedResultBaseController.swift in Sources */,
				C45C90591D5C52EC0064FC3D /* UIColor+Extension.swift in Sources */,
			);
			runOnlyForDeploymentPostprocessing = 0;
		};
/* End PBXSourcesBuildPhase section */

/* Begin PBXVariantGroup section */
		C44CA5141D54FC6E00C97024 /* LaunchScreen.storyboard */ = {
			isa = PBXVariantGroup;
			children = (
				C44CA5151D54FC6E00C97024 /* Base */,
			);
			name = LaunchScreen.storyboard;
			sourceTree = "<group>";
		};
/* End PBXVariantGroup section */

/* Begin XCBuildConfiguration section */
		C44CA5181D54FC6E00C97024 /* Debug */ = {
			isa = XCBuildConfiguration;
			buildSettings = {
				ALWAYS_SEARCH_USER_PATHS = NO;
				CLANG_ANALYZER_NONNULL = YES;
				CLANG_CXX_LANGUAGE_STANDARD = "gnu++0x";
				CLANG_CXX_LIBRARY = "libc++";
				CLANG_ENABLE_MODULES = YES;
				CLANG_ENABLE_OBJC_ARC = YES;
				CLANG_WARN_BOOL_CONVERSION = YES;
				CLANG_WARN_CONSTANT_CONVERSION = YES;
				CLANG_WARN_DIRECT_OBJC_ISA_USAGE = YES_ERROR;
				CLANG_WARN_EMPTY_BODY = YES;
				CLANG_WARN_ENUM_CONVERSION = YES;
				CLANG_WARN_INT_CONVERSION = YES;
				CLANG_WARN_OBJC_ROOT_CLASS = YES_ERROR;
				CLANG_WARN_UNREACHABLE_CODE = YES;
				CLANG_WARN__DUPLICATE_METHOD_MATCH = YES;
				"CODE_SIGN_IDENTITY[sdk=iphoneos*]" = "iPhone Developer";
				COPY_PHASE_STRIP = NO;
				DEBUG_INFORMATION_FORMAT = dwarf;
				ENABLE_STRICT_OBJC_MSGSEND = YES;
				ENABLE_TESTABILITY = YES;
				GCC_C_LANGUAGE_STANDARD = gnu99;
				GCC_DYNAMIC_NO_PIC = NO;
				GCC_NO_COMMON_BLOCKS = YES;
				GCC_OPTIMIZATION_LEVEL = 0;
				GCC_PREPROCESSOR_DEFINITIONS = (
					"DEBUG=1",
					"$(inherited)",
				);
				GCC_WARN_64_TO_32_BIT_CONVERSION = YES;
				GCC_WARN_ABOUT_RETURN_TYPE = YES_ERROR;
				GCC_WARN_UNDECLARED_SELECTOR = YES;
				GCC_WARN_UNINITIALIZED_AUTOS = YES_AGGRESSIVE;
				GCC_WARN_UNUSED_FUNCTION = YES;
				GCC_WARN_UNUSED_VARIABLE = YES;
				IPHONEOS_DEPLOYMENT_TARGET = 9.3;
				MTL_ENABLE_DEBUG_INFO = YES;
				ONLY_ACTIVE_ARCH = YES;
				SDKROOT = iphoneos;
				SWIFT_OPTIMIZATION_LEVEL = "-Onone";
			};
			name = Debug;
		};
		C44CA5191D54FC6E00C97024 /* Release */ = {
			isa = XCBuildConfiguration;
			buildSettings = {
				ALWAYS_SEARCH_USER_PATHS = NO;
				CLANG_ANALYZER_NONNULL = YES;
				CLANG_CXX_LANGUAGE_STANDARD = "gnu++0x";
				CLANG_CXX_LIBRARY = "libc++";
				CLANG_ENABLE_MODULES = YES;
				CLANG_ENABLE_OBJC_ARC = YES;
				CLANG_WARN_BOOL_CONVERSION = YES;
				CLANG_WARN_CONSTANT_CONVERSION = YES;
				CLANG_WARN_DIRECT_OBJC_ISA_USAGE = YES_ERROR;
				CLANG_WARN_EMPTY_BODY = YES;
				CLANG_WARN_ENUM_CONVERSION = YES;
				CLANG_WARN_INT_CONVERSION = YES;
				CLANG_WARN_OBJC_ROOT_CLASS = YES_ERROR;
				CLANG_WARN_UNREACHABLE_CODE = YES;
				CLANG_WARN__DUPLICATE_METHOD_MATCH = YES;
				"CODE_SIGN_IDENTITY[sdk=iphoneos*]" = "iPhone Developer";
				COPY_PHASE_STRIP = NO;
				DEBUG_INFORMATION_FORMAT = "dwarf-with-dsym";
				ENABLE_NS_ASSERTIONS = NO;
				ENABLE_STRICT_OBJC_MSGSEND = YES;
				GCC_C_LANGUAGE_STANDARD = gnu99;
				GCC_NO_COMMON_BLOCKS = YES;
				GCC_WARN_64_TO_32_BIT_CONVERSION = YES;
				GCC_WARN_ABOUT_RETURN_TYPE = YES_ERROR;
				GCC_WARN_UNDECLARED_SELECTOR = YES;
				GCC_WARN_UNINITIALIZED_AUTOS = YES_AGGRESSIVE;
				GCC_WARN_UNUSED_FUNCTION = YES;
				GCC_WARN_UNUSED_VARIABLE = YES;
				IPHONEOS_DEPLOYMENT_TARGET = 9.3;
				MTL_ENABLE_DEBUG_INFO = NO;
				SDKROOT = iphoneos;
				VALIDATE_PRODUCT = YES;
			};
			name = Release;
		};
		C44CA51B1D54FC6E00C97024 /* Debug */ = {
			isa = XCBuildConfiguration;
			baseConfigurationReference = CD0DFA7EC5FD3BAE3DAB1C17 /* Pods-Cite.debug.xcconfig */;
			buildSettings = {
				ASSETCATALOG_COMPILER_APPICON_NAME = AppIcon;
				INFOPLIST_FILE = Cite/Info.plist;
				LD_RUNPATH_SEARCH_PATHS = "$(inherited) @executable_path/Frameworks";
				PRODUCT_BUNDLE_IDENTIFIER = se.everlof.Cite.Cite;
				PRODUCT_NAME = "$(TARGET_NAME)";
				SWIFT_OBJC_BRIDGING_HEADER = "Cite/Cite-Bridging-Header.h";
			};
			name = Debug;
		};
		C44CA51C1D54FC6E00C97024 /* Release */ = {
			isa = XCBuildConfiguration;
			baseConfigurationReference = 2F3E6647868951660C104E18 /* Pods-Cite.release.xcconfig */;
			buildSettings = {
				ASSETCATALOG_COMPILER_APPICON_NAME = AppIcon;
				INFOPLIST_FILE = Cite/Info.plist;
				LD_RUNPATH_SEARCH_PATHS = "$(inherited) @executable_path/Frameworks";
				PRODUCT_BUNDLE_IDENTIFIER = se.everlof.Cite.Cite;
				PRODUCT_NAME = "$(TARGET_NAME)";
				SWIFT_OBJC_BRIDGING_HEADER = "Cite/Cite-Bridging-Header.h";
			};
			name = Release;
		};
/* End XCBuildConfiguration section */

/* Begin XCConfigurationList section */
		C44CA5031D54FC6E00C97024 /* Build configuration list for PBXProject "Cite" */ = {
			isa = XCConfigurationList;
			buildConfigurations = (
				C44CA5181D54FC6E00C97024 /* Debug */,
				C44CA5191D54FC6E00C97024 /* Release */,
			);
			defaultConfigurationIsVisible = 0;
			defaultConfigurationName = Release;
		};
		C44CA51A1D54FC6E00C97024 /* Build configuration list for PBXNativeTarget "Cite" */ = {
			isa = XCConfigurationList;
			buildConfigurations = (
				C44CA51B1D54FC6E00C97024 /* Debug */,
				C44CA51C1D54FC6E00C97024 /* Release */,
			);
			defaultConfigurationIsVisible = 0;
			defaultConfigurationName = Release;
		};
/* End XCConfigurationList section */

/* Begin XCVersionGroup section */
		C476D6051D5647C4002269BA /* Cite.xcdatamodeld */ = {
			isa = XCVersionGroup;
			children = (
				C476D6061D5647C4002269BA /* Cite.xcdatamodel */,
			);
			currentVersion = C476D6061D5647C4002269BA /* Cite.xcdatamodel */;
			path = Cite.xcdatamodeld;
			sourceTree = "<group>";
			versionGroupType = wrapper.xcdatamodel;
		};
/* End XCVersionGroup section */
	};
	rootObject = C44CA5001D54FC6E00C97024 /* Project object */;
}
