// !$*UTF8*$!
{
	archiveVersion = 1;
	classes = {
	};
	objectVersion = 46;
	objects = {

/* Begin PBXBuildFile section */
		C44CA50C1D54FC6E00C97024 /* AppDelegate.swift in Sources */ = {isa = PBXBuildFile; fileRef = C44CA50B1D54FC6E00C97024 /* AppDelegate.swift */; };
		C44CA50E1D54FC6E00C97024 /* ViewController.swift in Sources */ = {isa = PBXBuildFile; fileRef = C44CA50D1D54FC6E00C97024 /* ViewController.swift */; };
		C44CA5111D54FC6E00C97024 /* Main.storyboard in Resources */ = {isa = PBXBuildFile; fileRef = C44CA50F1D54FC6E00C97024 /* Main.storyboard */; };
		C44CA5131D54FC6E00C97024 /* Assets.xcassets in Resources */ = {isa = PBXBuildFile; fileRef = C44CA5121D54FC6E00C97024 /* Assets.xcassets */; };
		C44CA5161D54FC6E00C97024 /* LaunchScreen.storyboard in Resources */ = {isa = PBXBuildFile; fileRef = C44CA5141D54FC6E00C97024 /* LaunchScreen.storyboard */; };
/* End PBXBuildFile section */

/* Begin PBXFileReference section */
		C44CA5081D54FC6E00C97024 /* Cite.app */ = {isa = PBXFileReference; explicitFileType = wrapper.application; includeInIndex = 0; path = Cite.app; sourceTree = BUILT_PRODUCTS_DIR; };
		C44CA50B1D54FC6E00C97024 /* AppDelegate.swift */ = {isa = PBXFileReference; lastKnownFileType = sourcecode.swift; path = AppDelegate.swift; sourceTree = "<group>"; };
		C44CA50D1D54FC6E00C97024 /* ViewController.swift */ = {isa = PBXFileReference; lastKnownFileType = sourcecode.swift; path = ViewController.swift; sourceTree = "<group>"; };
		C44CA5101D54FC6E00C97024 /* Base */ = {isa = PBXFileReference; lastKnownFileType = file.storyboard; name = Base; path = Base.lproj/Main.storyboard; sourceTree = "<group>"; };
		C44CA5121D54FC6E00C97024 /* Assets.xcassets */ = {isa = PBXFileReference; lastKnownFileType = folder.assetcatalog; path = Assets.xcassets; sourceTree = "<group>"; };
		C44CA5151D54FC6E00C97024 /* Base */ = {isa = PBXFileReference; lastKnownFileType = file.storyboard; name = Base; path = Base.lproj/LaunchScreen.storyboard; sourceTree = "<group>"; };
		C44CA5171D54FC6E00C97024 /* Info.plist */ = {isa = PBXFileReference; lastKnownFileType = text.plist.xml; path = Info.plist; sourceTree = "<group>"; };
/* End PBXFileReference section */

/* Begin PBXFrameworksBuildPhase section */
		C44CA5051D54FC6E00C97024 /* Frameworks */ = {
			isa = PBXFrameworksBuildPhase;
			buildActionMask = 2147483647;
			files = (
			);
			runOnlyForDeploymentPostprocessing = 0;
		};
/* End PBXFrameworksBuildPhase section */

/* Begin PBXGroup section */
		C44CA4FF1D54FC6E00C97024 = {
			isa = PBXGroup;
			children = (
				C44CA50A1D54FC6E00C97024 /* Cite */,
				C44CA5091D54FC6E00C97024 /* Products */,
			);
			sourceTree = "<group>";
		};
		C44CA5091D54FC6E00C97024 /* Products */ = {
			isa = PBXGroup;
			children = (
				C44CA5081D54FC6E00C97024 /* Cite.app */,
			);
			name = Products;
			sourceTree = "<group>";
		};
		C44CA50A1D54FC6E00C97024 /* Cite */ = {
			isa = PBXGroup;
			children = (
				C44CA50B1D54FC6E00C97024 /* AppDelegate.swift */,
				C44CA50D1D54FC6E00C97024 /* ViewController.swift */,
				C44CA50F1D54FC6E00C97024 /* Main.storyboard */,
				C44CA5121D54FC6E00C97024 /* Assets.xcassets */,
				C44CA5141D54FC6E00C97024 /* LaunchScreen.storyboard */,
				C44CA5171D54FC6E00C97024 /* Info.plist */,
			);
			path = Cite;
			sourceTree = "<group>";
		};
/* End PBXGroup section */

/* Begin PBXNativeTarget section */
		C44CA5071D54FC6E00C97024 /* Cite */ = {
			isa = PBXNativeTarget;
			buildConfigurationList = C44CA51A1D54FC6E00C97024 /* Build configuration list for PBXNativeTarget "Cite" */;
			buildPhases = (
				C44CA5041D54FC6E00C97024 /* Sources */,
				C44CA5051D54FC6E00C97024 /* Frameworks */,
				C44CA5061D54FC6E00C97024 /* Resources */,
			);
			buildRules = (
			);
			dependencies = (
			);
			name = Cite;
			productName = Cite;
			productReference = C44CA5081D54FC6E00C97024 /* Cite.app */;
			productType = "com.apple.product-type.application";
		};
/* End PBXNativeTarget section */

/* Begin PBXProject section */
		C44CA5001D54FC6E00C97024 /* Project object */ = {
			isa = PBXProject;
			attributes = {
				LastSwiftUpdateCheck = 0730;
				LastUpgradeCheck = 0730;
				TargetAttributes = {
					C44CA5071D54FC6E00C97024 = {
						CreatedOnToolsVersion = 7.3.1;
					};
				};
			};
			buildConfigurationList = C44CA5031D54FC6E00C97024 /* Build configuration list for PBXProject "Cite" */;
			compatibilityVersion = "Xcode 3.2";
			developmentRegion = English;
			hasScannedForEncodings = 0;
			knownRegions = (
				en,
				Base,
			);
			mainGroup = C44CA4FF1D54FC6E00C97024;
			productRefGroup = C44CA5091D54FC6E00C97024 /* Products */;
			projectDirPath = "";
			projectRoot = "";
			targets = (
				C44CA5071D54FC6E00C97024 /* Cite */,
			);
		};
/* End PBXProject section */

/* Begin PBXResourcesBuildPhase section */
		C44CA5061D54FC6E00C97024 /* Resources */ = {
			isa = PBXResourcesBuildPhase;
			buildActionMask = 2147483647;
			files = (
				C44CA5161D54FC6E00C97024 /* LaunchScreen.storyboard in Resources */,
				C44CA5131D54FC6E00C97024 /* Assets.xcassets in Resources */,
				C44CA5111D54FC6E00C97024 /* Main.storyboard in Resources */,
			);
			runOnlyForDeploymentPostprocessing = 0;
		};
/* End PBXResourcesBuildPhase section */

/* Begin PBXSourcesBuildPhase section */
		C44CA5041D54FC6E00C97024 /* Sources */ = {
			isa = PBXSourcesBuildPhase;
			buildActionMask = 2147483647;
			files = (
				C44CA50E1D54FC6E00C97024 /* ViewController.swift in Sources */,
				C44CA50C1D54FC6E00C97024 /* AppDelegate.swift in Sources */,
			);
			runOnlyForDeploymentPostprocessing = 0;
		};
/* End PBXSourcesBuildPhase section */

/* Begin PBXVariantGroup section */
		C44CA50F1D54FC6E00C97024 /* Main.storyboard */ = {
			isa = PBXVariantGroup;
			children = (
				C44CA5101D54FC6E00C97024 /* Base */,
			);
			name = Main.storyboard;
			sourceTree = "<group>";
		};
		C44CA5141D54FC6E00C97024 /* LaunchScreen.storyboard */ = {
			isa = PBXVariantGroup;
			children = (
				C44CA5151D54FC6E00C97024 /* Base */,
			);
			name = LaunchScreen.storyboard;
			sourceTree = "<group>";
		};
/* End PBXVariantGroup section */

/* Begin XCBuildConfiguration section */
		C44CA5181D54FC6E00C97024 /* Debug */ = {
			isa = XCBuildConfiguration;
			buildSettings = {
				ALWAYS_SEARCH_USER_PATHS = NO;
				CLANG_ANALYZER_NONNULL = YES;
				CLANG_CXX_LANGUAGE_STANDARD = "gnu++0x";
				CLANG_CXX_LIBRARY = "libc++";
				CLANG_ENABLE_MODULES = YES;
				CLANG_ENABLE_OBJC_ARC = YES;
				CLANG_WARN_BOOL_CONVERSION = YES;
				CLANG_WARN_CONSTANT_CONVERSION = YES;
				CLANG_WARN_DIRECT_OBJC_ISA_USAGE = YES_ERROR;
				CLANG_WARN_EMPTY_BODY = YES;
				CLANG_WARN_ENUM_CONVERSION = YES;
				CLANG_WARN_INT_CONVERSION = YES;
				CLANG_WARN_OBJC_ROOT_CLASS = YES_ERROR;
				CLANG_WARN_UNREACHABLE_CODE = YES;
				CLANG_WARN__DUPLICATE_METHOD_MATCH = YES;
				"CODE_SIGN_IDENTITY[sdk=iphoneos*]" = "iPhone Developer";
				COPY_PHASE_STRIP = NO;
				DEBUG_INFORMATION_FORMAT = dwarf;
				ENABLE_STRICT_OBJC_MSGSEND = YES;
				ENABLE_TESTABILITY = YES;
				GCC_C_LANGUAGE_STANDARD = gnu99;
				GCC_DYNAMIC_NO_PIC = NO;
				GCC_NO_COMMON_BLOCKS = YES;
				GCC_OPTIMIZATION_LEVEL = 0;
				GCC_PREPROCESSOR_DEFINITIONS = (
					"DEBUG=1",
					"$(inherited)",
				);
				GCC_WARN_64_TO_32_BIT_CONVERSION = YES;
				GCC_WARN_ABOUT_RETURN_TYPE = YES_ERROR;
				GCC_WARN_UNDECLARED_SELECTOR = YES;
				GCC_WARN_UNINITIALIZED_AUTOS = YES_AGGRESSIVE;
				GCC_WARN_UNUSED_FUNCTION = YES;
				GCC_WARN_UNUSED_VARIABLE = YES;
				IPHONEOS_DEPLOYMENT_TARGET = 9.3;
				MTL_ENABLE_DEBUG_INFO = YES;
				ONLY_ACTIVE_ARCH = YES;
				SDKROOT = iphoneos;
				SWIFT_OPTIMIZATION_LEVEL = "-Onone";
			};
			name = Debug;
		};
		C44CA5191D54FC6E00C97024 /* Release */ = {
			isa = XCBuildConfiguration;
			buildSettings = {
				ALWAYS_SEARCH_USER_PATHS = NO;
				CLANG_ANALYZER_NONNULL = YES;
				CLANG_CXX_LANGUAGE_STANDARD = "gnu++0x";
				CLANG_CXX_LIBRARY = "libc++";
				CLANG_ENABLE_MODULES = YES;
				CLANG_ENABLE_OBJC_ARC = YES;
				CLANG_WARN_BOOL_CONVERSION = YES;
				CLANG_WARN_CONSTANT_CONVERSION = YES;
				CLANG_WARN_DIRECT_OBJC_ISA_USAGE = YES_ERROR;
				CLANG_WARN_EMPTY_BODY = YES;
				CLANG_WARN_ENUM_CONVERSION = YES;
				CLANG_WARN_INT_CONVERSION = YES;
				CLANG_WARN_OBJC_ROOT_CLASS = YES_ERROR;
				CLANG_WARN_UNREACHABLE_CODE = YES;
				CLANG_WARN__DUPLICATE_METHOD_MATCH = YES;
				"CODE_SIGN_IDENTITY[sdk=iphoneos*]" = "iPhone Developer";
				COPY_PHASE_STRIP = NO;
				DEBUG_INFORMATION_FORMAT = "dwarf-with-dsym";
				ENABLE_NS_ASSERTIONS = NO;
				ENABLE_STRICT_OBJC_MSGSEND = YES;
				GCC_C_LANGUAGE_STANDARD = gnu99;
				GCC_NO_COMMON_BLOCKS = YES;
				GCC_WARN_64_TO_32_BIT_CONVERSION = YES;
				GCC_WARN_ABOUT_RETURN_TYPE = YES_ERROR;
				GCC_WARN_UNDECLARED_SELECTOR = YES;
				GCC_WARN_UNINITIALIZED_AUTOS = YES_AGGRESSIVE;
				GCC_WARN_UNUSED_FUNCTION = YES;
				GCC_WARN_UNUSED_VARIABLE = YES;
				IPHONEOS_DEPLOYMENT_TARGET = 9.3;
				MTL_ENABLE_DEBUG_INFO = NO;
				SDKROOT = iphoneos;
				VALIDATE_PRODUCT = YES;
			};
			name = Release;
		};
		C44CA51B1D54FC6E00C97024 /* Debug */ = {
			isa = XCBuildConfiguration;
			buildSettings = {
				ASSETCATALOG_COMPILER_APPICON_NAME = AppIcon;
				INFOPLIST_FILE = Cite/Info.plist;
				LD_RUNPATH_SEARCH_PATHS = "$(inherited) @executable_path/Frameworks";
				PRODUCT_BUNDLE_IDENTIFIER = se.everlof.Cite.Cite;
				PRODUCT_NAME = "$(TARGET_NAME)";
			};
			name = Debug;
		};
		C44CA51C1D54FC6E00C97024 /* Release */ = {
			isa = XCBuildConfiguration;
			buildSettings = {
				ASSETCATALOG_COMPILER_APPICON_NAME = AppIcon;
				INFOPLIST_FILE = Cite/Info.plist;
				LD_RUNPATH_SEARCH_PATHS = "$(inherited) @executable_path/Frameworks";
				PRODUCT_BUNDLE_IDENTIFIER = se.everlof.Cite.Cite;
				PRODUCT_NAME = "$(TARGET_NAME)";
			};
			name = Release;
		};
/* End XCBuildConfiguration section */

/* Begin XCConfigurationList section */
		C44CA5031D54FC6E00C97024 /* Build configuration list for PBXProject "Cite" */ = {
			isa = XCConfigurationList;
			buildConfigurations = (
				C44CA5181D54FC6E00C97024 /* Debug */,
				C44CA5191D54FC6E00C97024 /* Release */,
			);
			defaultConfigurationIsVisible = 0;
			defaultConfigurationName = Release;
		};
		C44CA51A1D54FC6E00C97024 /* Build configuration list for PBXNativeTarget "Cite" */ = {
			isa = XCConfigurationList;
			buildConfigurations = (
				C44CA51B1D54FC6E00C97024 /* Debug */,
				C44CA51C1D54FC6E00C97024 /* Release */,
			);
			defaultConfigurationIsVisible = 0;
		};
/* End XCConfigurationList section */
	};
	rootObject = C44CA5001D54FC6E00C97024 /* Project object */;
}
